// !$*UTF8*$!
{
	archiveVersion = 1;
	classes = {
	};
	objectVersion = 56;
	objects = {

/* Begin PBXBuildFile section */
		FD19B46F29A383B800974DC1 /* CustomTextField.swift in Sources */ = {isa = PBXBuildFile; fileRef = FD19B46E29A383B800974DC1 /* CustomTextField.swift */; };
		FD19B47229A383EC00974DC1 /* ColorExtension.swift in Sources */ = {isa = PBXBuildFile; fileRef = FD19B47129A383EC00974DC1 /* ColorExtension.swift */; };
		FD19B47529A3853100974DC1 /* CheckMapView.swift in Sources */ = {isa = PBXBuildFile; fileRef = FD19B47429A3853100974DC1 /* CheckMapView.swift */; };
		FD19B47929A3856C00974DC1 /* MyPageView.swift in Sources */ = {isa = PBXBuildFile; fileRef = FD19B47829A3856C00974DC1 /* MyPageView.swift */; };
		FDCA1E7C29ACFBC40038725D /* FirebaseAnalytics in Frameworks */ = {isa = PBXBuildFile; productRef = FDCA1E7B29ACFBC40038725D /* FirebaseAnalytics */; };
		FDCA1E7E29ACFBC40038725D /* FirebaseAnalyticsOnDeviceConversion in Frameworks */ = {isa = PBXBuildFile; productRef = FDCA1E7D29ACFBC40038725D /* FirebaseAnalyticsOnDeviceConversion */; };
		FDCA1E8029ACFBC40038725D /* FirebaseAnalyticsSwift in Frameworks */ = {isa = PBXBuildFile; productRef = FDCA1E7F29ACFBC40038725D /* FirebaseAnalyticsSwift */; };
		FDCA1E8229ACFBC40038725D /* FirebaseAnalyticsWithoutAdIdSupport in Frameworks */ = {isa = PBXBuildFile; productRef = FDCA1E8129ACFBC40038725D /* FirebaseAnalyticsWithoutAdIdSupport */; };
		FDCA1E8429ACFBC40038725D /* FirebaseAuth in Frameworks */ = {isa = PBXBuildFile; productRef = FDCA1E8329ACFBC40038725D /* FirebaseAuth */; };
		FDCA1E8629ACFBC40038725D /* FirebaseAuthCombine-Community in Frameworks */ = {isa = PBXBuildFile; productRef = FDCA1E8529ACFBC40038725D /* FirebaseAuthCombine-Community */; };
		FDCA1E8829ACFBC40038725D /* FirebaseDatabase in Frameworks */ = {isa = PBXBuildFile; productRef = FDCA1E8729ACFBC40038725D /* FirebaseDatabase */; };
		FDCA1E8A29ACFBC40038725D /* FirebaseDatabaseSwift in Frameworks */ = {isa = PBXBuildFile; productRef = FDCA1E8929ACFBC40038725D /* FirebaseDatabaseSwift */; };
		FDCA1E8C29ACFBC40038725D /* FirebaseFirestore in Frameworks */ = {isa = PBXBuildFile; productRef = FDCA1E8B29ACFBC40038725D /* FirebaseFirestore */; };
		FDCA1E8E29ACFBC40038725D /* FirebaseFirestoreCombine-Community in Frameworks */ = {isa = PBXBuildFile; productRef = FDCA1E8D29ACFBC40038725D /* FirebaseFirestoreCombine-Community */; };
		FDCA1E9029ACFBC40038725D /* FirebaseFirestoreSwift in Frameworks */ = {isa = PBXBuildFile; productRef = FDCA1E8F29ACFBC40038725D /* FirebaseFirestoreSwift */; };
		FDCA1E9229ACFC6D0038725D /* UserStore.swift in Sources */ = {isa = PBXBuildFile; fileRef = FDCA1E9129ACFC6D0038725D /* UserStore.swift */; };
		FDCA1E9529AD04480038725D /* GoogleService-Info.plist in Resources */ = {isa = PBXBuildFile; fileRef = FDCA1E9429AD04480038725D /* GoogleService-Info.plist */; };
		FDCA1E9829AD0A4C0038725D /* Ex+UIScreen.swift in Sources */ = {isa = PBXBuildFile; fileRef = FDCA1E9729AD0A4C0038725D /* Ex+UIScreen.swift */; };
		FDCA1E9A29AD0D9F0038725D /* User.swift in Sources */ = {isa = PBXBuildFile; fileRef = FDCA1E9929AD0D9F0038725D /* User.swift */; };
		FDCA1E9D29AD15920038725D /* UserConstant.swift in Sources */ = {isa = PBXBuildFile; fileRef = FDCA1E9C29AD15920038725D /* UserConstant.swift */; };
		FDCA1E9F29AD1AB00038725D /* SignUpView.swift in Sources */ = {isa = PBXBuildFile; fileRef = FDCA1E9E29AD1AB00038725D /* SignUpView.swift */; };
		FDCA1EA229AF312F0038725D /* AlertToast in Frameworks */ = {isa = PBXBuildFile; productRef = FDCA1EA129AF312F0038725D /* AlertToast */; };
		FDCA1EA429AFB5630038725D /* LoginRouteView.swift in Sources */ = {isa = PBXBuildFile; fileRef = FDCA1EA329AFB5630038725D /* LoginRouteView.swift */; };
		FDCA97D329A38F8900AE7002 /* LoginView.swift in Sources */ = {isa = PBXBuildFile; fileRef = FDCA97D229A38F8900AE7002 /* LoginView.swift */; };
		FDF4558B29A29AAA005DEFB7 /* CheckPlayApp.swift in Sources */ = {isa = PBXBuildFile; fileRef = FDF4558A29A29AAA005DEFB7 /* CheckPlayApp.swift */; };
		FDF4558D29A29AAA005DEFB7 /* ContentView.swift in Sources */ = {isa = PBXBuildFile; fileRef = FDF4558C29A29AAA005DEFB7 /* ContentView.swift */; };
		FDF4558F29A29AAB005DEFB7 /* Assets.xcassets in Resources */ = {isa = PBXBuildFile; fileRef = FDF4558E29A29AAB005DEFB7 /* Assets.xcassets */; };
		FDF4559229A29AAB005DEFB7 /* Preview Assets.xcassets in Resources */ = {isa = PBXBuildFile; fileRef = FDF4559129A29AAB005DEFB7 /* Preview Assets.xcassets */; };
		FDF4559C29A29AAB005DEFB7 /* CheckPlayTests.swift in Sources */ = {isa = PBXBuildFile; fileRef = FDF4559B29A29AAB005DEFB7 /* CheckPlayTests.swift */; };
		FDF455A629A29AAB005DEFB7 /* CheckPlayUITests.swift in Sources */ = {isa = PBXBuildFile; fileRef = FDF455A529A29AAB005DEFB7 /* CheckPlayUITests.swift */; };
		FDF455A829A29AAB005DEFB7 /* CheckPlayUITestsLaunchTests.swift in Sources */ = {isa = PBXBuildFile; fileRef = FDF455A729A29AAB005DEFB7 /* CheckPlayUITestsLaunchTests.swift */; };
		FDF455BA29A29DC5005DEFB7 /* CheckMainView.swift in Sources */ = {isa = PBXBuildFile; fileRef = FDF455B929A29DC5005DEFB7 /* CheckMainView.swift */; };
		FDF455BD29A2A196005DEFB7 /* CustomButton.swift in Sources */ = {isa = PBXBuildFile; fileRef = FDF455BC29A2A196005DEFB7 /* CustomButton.swift */; };
/* End PBXBuildFile section */

/* Begin PBXContainerItemProxy section */
		FDF4559829A29AAB005DEFB7 /* PBXContainerItemProxy */ = {
			isa = PBXContainerItemProxy;
			containerPortal = FDF4557F29A29AAA005DEFB7 /* Project object */;
			proxyType = 1;
			remoteGlobalIDString = FDF4558629A29AAA005DEFB7;
			remoteInfo = CheckPlay;
		};
		FDF455A229A29AAB005DEFB7 /* PBXContainerItemProxy */ = {
			isa = PBXContainerItemProxy;
			containerPortal = FDF4557F29A29AAA005DEFB7 /* Project object */;
			proxyType = 1;
			remoteGlobalIDString = FDF4558629A29AAA005DEFB7;
			remoteInfo = CheckPlay;
		};
/* End PBXContainerItemProxy section */

/* Begin PBXFileReference section */
		FD19B46E29A383B800974DC1 /* CustomTextField.swift */ = {isa = PBXFileReference; lastKnownFileType = sourcecode.swift; path = CustomTextField.swift; sourceTree = "<group>"; };
		FD19B47129A383EC00974DC1 /* ColorExtension.swift */ = {isa = PBXFileReference; lastKnownFileType = sourcecode.swift; path = ColorExtension.swift; sourceTree = "<group>"; };
		FD19B47429A3853100974DC1 /* CheckMapView.swift */ = {isa = PBXFileReference; lastKnownFileType = sourcecode.swift; path = CheckMapView.swift; sourceTree = "<group>"; };
		FD19B47829A3856C00974DC1 /* MyPageView.swift */ = {isa = PBXFileReference; lastKnownFileType = sourcecode.swift; path = MyPageView.swift; sourceTree = "<group>"; };
		FDCA1E9129ACFC6D0038725D /* UserStore.swift */ = {isa = PBXFileReference; lastKnownFileType = sourcecode.swift; path = UserStore.swift; sourceTree = "<group>"; };
		FDCA1E9429AD04480038725D /* GoogleService-Info.plist */ = {isa = PBXFileReference; fileEncoding = 4; lastKnownFileType = text.plist.xml; path = "GoogleService-Info.plist"; sourceTree = "<group>"; };
		FDCA1E9729AD0A4C0038725D /* Ex+UIScreen.swift */ = {isa = PBXFileReference; lastKnownFileType = sourcecode.swift; path = "Ex+UIScreen.swift"; sourceTree = "<group>"; };
		FDCA1E9929AD0D9F0038725D /* User.swift */ = {isa = PBXFileReference; lastKnownFileType = sourcecode.swift; path = User.swift; sourceTree = "<group>"; };
		FDCA1E9C29AD15920038725D /* UserConstant.swift */ = {isa = PBXFileReference; lastKnownFileType = sourcecode.swift; path = UserConstant.swift; sourceTree = "<group>"; };
		FDCA1E9E29AD1AB00038725D /* SignUpView.swift */ = {isa = PBXFileReference; lastKnownFileType = sourcecode.swift; path = SignUpView.swift; sourceTree = "<group>"; };
		FDCA1EA329AFB5630038725D /* LoginRouteView.swift */ = {isa = PBXFileReference; lastKnownFileType = sourcecode.swift; path = LoginRouteView.swift; sourceTree = "<group>"; };
		FDCA1EA529AFBEAC0038725D /* Info.plist */ = {isa = PBXFileReference; lastKnownFileType = text.plist; path = Info.plist; sourceTree = "<group>"; };
		FDCA97D229A38F8900AE7002 /* LoginView.swift */ = {isa = PBXFileReference; lastKnownFileType = sourcecode.swift; path = LoginView.swift; sourceTree = "<group>"; };
		FDF4558729A29AAA005DEFB7 /* CheckPlay.app */ = {isa = PBXFileReference; explicitFileType = wrapper.application; includeInIndex = 0; path = CheckPlay.app; sourceTree = BUILT_PRODUCTS_DIR; };
		FDF4558A29A29AAA005DEFB7 /* CheckPlayApp.swift */ = {isa = PBXFileReference; lastKnownFileType = sourcecode.swift; path = CheckPlayApp.swift; sourceTree = "<group>"; };
		FDF4558C29A29AAA005DEFB7 /* ContentView.swift */ = {isa = PBXFileReference; lastKnownFileType = sourcecode.swift; path = ContentView.swift; sourceTree = "<group>"; };
		FDF4558E29A29AAB005DEFB7 /* Assets.xcassets */ = {isa = PBXFileReference; lastKnownFileType = folder.assetcatalog; path = Assets.xcassets; sourceTree = "<group>"; };
		FDF4559129A29AAB005DEFB7 /* Preview Assets.xcassets */ = {isa = PBXFileReference; lastKnownFileType = folder.assetcatalog; path = "Preview Assets.xcassets"; sourceTree = "<group>"; };
		FDF4559729A29AAB005DEFB7 /* CheckPlayTests.xctest */ = {isa = PBXFileReference; explicitFileType = wrapper.cfbundle; includeInIndex = 0; path = CheckPlayTests.xctest; sourceTree = BUILT_PRODUCTS_DIR; };
		FDF4559B29A29AAB005DEFB7 /* CheckPlayTests.swift */ = {isa = PBXFileReference; lastKnownFileType = sourcecode.swift; path = CheckPlayTests.swift; sourceTree = "<group>"; };
		FDF455A129A29AAB005DEFB7 /* CheckPlayUITests.xctest */ = {isa = PBXFileReference; explicitFileType = wrapper.cfbundle; includeInIndex = 0; path = CheckPlayUITests.xctest; sourceTree = BUILT_PRODUCTS_DIR; };
		FDF455A529A29AAB005DEFB7 /* CheckPlayUITests.swift */ = {isa = PBXFileReference; lastKnownFileType = sourcecode.swift; path = CheckPlayUITests.swift; sourceTree = "<group>"; };
		FDF455A729A29AAB005DEFB7 /* CheckPlayUITestsLaunchTests.swift */ = {isa = PBXFileReference; lastKnownFileType = sourcecode.swift; path = CheckPlayUITestsLaunchTests.swift; sourceTree = "<group>"; };
		FDF455B929A29DC5005DEFB7 /* CheckMainView.swift */ = {isa = PBXFileReference; lastKnownFileType = sourcecode.swift; path = CheckMainView.swift; sourceTree = "<group>"; };
		FDF455BC29A2A196005DEFB7 /* CustomButton.swift */ = {isa = PBXFileReference; lastKnownFileType = sourcecode.swift; path = CustomButton.swift; sourceTree = "<group>"; };
/* End PBXFileReference section */

/* Begin PBXFrameworksBuildPhase section */
		FDF4558429A29AAA005DEFB7 /* Frameworks */ = {
			isa = PBXFrameworksBuildPhase;
			buildActionMask = 2147483647;
			files = (
				FDCA1E8A29ACFBC40038725D /* FirebaseDatabaseSwift in Frameworks */,
				FDCA1E8029ACFBC40038725D /* FirebaseAnalyticsSwift in Frameworks */,
				FDCA1E8629ACFBC40038725D /* FirebaseAuthCombine-Community in Frameworks */,
				FDCA1E8E29ACFBC40038725D /* FirebaseFirestoreCombine-Community in Frameworks */,
				FDCA1E8429ACFBC40038725D /* FirebaseAuth in Frameworks */,
				FDCA1E9029ACFBC40038725D /* FirebaseFirestoreSwift in Frameworks */,
				FDCA1E7C29ACFBC40038725D /* FirebaseAnalytics in Frameworks */,
				FDCA1E8C29ACFBC40038725D /* FirebaseFirestore in Frameworks */,
				FDCA1E7E29ACFBC40038725D /* FirebaseAnalyticsOnDeviceConversion in Frameworks */,
				FDCA1EA229AF312F0038725D /* AlertToast in Frameworks */,
				FDCA1E8829ACFBC40038725D /* FirebaseDatabase in Frameworks */,
				FDCA1E8229ACFBC40038725D /* FirebaseAnalyticsWithoutAdIdSupport in Frameworks */,
			);
			runOnlyForDeploymentPostprocessing = 0;
		};
		FDF4559429A29AAB005DEFB7 /* Frameworks */ = {
			isa = PBXFrameworksBuildPhase;
			buildActionMask = 2147483647;
			files = (
			);
			runOnlyForDeploymentPostprocessing = 0;
		};
		FDF4559E29A29AAB005DEFB7 /* Frameworks */ = {
			isa = PBXFrameworksBuildPhase;
			buildActionMask = 2147483647;
			files = (
			);
			runOnlyForDeploymentPostprocessing = 0;
		};
/* End PBXFrameworksBuildPhase section */

/* Begin PBXGroup section */
		FD19B47029A383D300974DC1 /* UIConfig */ = {
			isa = PBXGroup;
			children = (
				FD19B47129A383EC00974DC1 /* ColorExtension.swift */,
			);
			path = UIConfig;
			sourceTree = "<group>";
		};
		FD19B47329A3851F00974DC1 /* Map */ = {
			isa = PBXGroup;
			children = (
				FD19B47429A3853100974DC1 /* CheckMapView.swift */,
			);
			path = Map;
			sourceTree = "<group>";
		};
		FD19B47629A3855700974DC1 /* MyPage */ = {
			isa = PBXGroup;
			children = (
				FD19B47829A3856C00974DC1 /* MyPageView.swift */,
			);
			path = MyPage;
			sourceTree = "<group>";
		};
		FD19B47A29A38CCD00974DC1 /* Attendance */ = {
			isa = PBXGroup;
			children = (
			);
			path = Attendance;
			sourceTree = "<group>";
		};
		FDCA1E9329AD03B70038725D /* Environment */ = {
			isa = PBXGroup;
			children = (
				FDCA1E9429AD04480038725D /* GoogleService-Info.plist */,
			);
			path = Environment;
			sourceTree = "<group>";
		};
		FDCA1E9629AD05990038725D /* Extension */ = {
			isa = PBXGroup;
			children = (
				FDCA1E9729AD0A4C0038725D /* Ex+UIScreen.swift */,
			);
			path = Extension;
			sourceTree = "<group>";
		};
		FDCA1E9B29AD157F0038725D /* Constant */ = {
			isa = PBXGroup;
			children = (
				FDCA1E9C29AD15920038725D /* UserConstant.swift */,
			);
			path = Constant;
			sourceTree = "<group>";
		};
		FDCA97D129A38F7D00AE7002 /* Login */ = {
			isa = PBXGroup;
			children = (
				FDCA97D229A38F8900AE7002 /* LoginView.swift */,
				FDCA1EA329AFB5630038725D /* LoginRouteView.swift */,
				FDCA1E9E29AD1AB00038725D /* SignUpView.swift */,
			);
			path = Login;
			sourceTree = "<group>";
		};
		FDF4557E29A29AAA005DEFB7 = {
			isa = PBXGroup;
			children = (
				FDF4558929A29AAA005DEFB7 /* CheckPlay */,
				FDF4559A29A29AAB005DEFB7 /* CheckPlayTests */,
				FDF455A429A29AAB005DEFB7 /* CheckPlayUITests */,
				FDF4558829A29AAA005DEFB7 /* Products */,
			);
			sourceTree = "<group>";
		};
		FDF4558829A29AAA005DEFB7 /* Products */ = {
			isa = PBXGroup;
			children = (
				FDF4558729A29AAA005DEFB7 /* CheckPlay.app */,
				FDF4559729A29AAB005DEFB7 /* CheckPlayTests.xctest */,
				FDF455A129A29AAB005DEFB7 /* CheckPlayUITests.xctest */,
			);
			name = Products;
			sourceTree = "<group>";
		};
		FDF4558929A29AAA005DEFB7 /* CheckPlay */ = {
			isa = PBXGroup;
			children = (
				FDCA1EA529AFBEAC0038725D /* Info.plist */,
				FDCA1E9B29AD157F0038725D /* Constant */,
				FDCA1E9629AD05990038725D /* Extension */,
				FDCA1E9329AD03B70038725D /* Environment */,
				FDF4558A29A29AAA005DEFB7 /* CheckPlayApp.swift */,
				FDF455B629A29C20005DEFB7 /* View */,
				FDF455B729A29C2A005DEFB7 /* ViewModel */,
				FDF455B829A29C35005DEFB7 /* Model */,
				FDF4558E29A29AAB005DEFB7 /* Assets.xcassets */,
				FDF4559029A29AAB005DEFB7 /* Preview Content */,
			);
			path = CheckPlay;
			sourceTree = "<group>";
		};
		FDF4559029A29AAB005DEFB7 /* Preview Content */ = {
			isa = PBXGroup;
			children = (
				FDF4559129A29AAB005DEFB7 /* Preview Assets.xcassets */,
			);
			path = "Preview Content";
			sourceTree = "<group>";
		};
		FDF4559A29A29AAB005DEFB7 /* CheckPlayTests */ = {
			isa = PBXGroup;
			children = (
				FDF4559B29A29AAB005DEFB7 /* CheckPlayTests.swift */,
			);
			path = CheckPlayTests;
			sourceTree = "<group>";
		};
		FDF455A429A29AAB005DEFB7 /* CheckPlayUITests */ = {
			isa = PBXGroup;
			children = (
				FDF455A529A29AAB005DEFB7 /* CheckPlayUITests.swift */,
				FDF455A729A29AAB005DEFB7 /* CheckPlayUITestsLaunchTests.swift */,
			);
			path = CheckPlayUITests;
			sourceTree = "<group>";
		};
		FDF455B429A29BFE005DEFB7 /* Check */ = {
			isa = PBXGroup;
			children = (
				FDF455B929A29DC5005DEFB7 /* CheckMainView.swift */,
				FD19B47329A3851F00974DC1 /* Map */,
			);
			path = Check;
			sourceTree = "<group>";
		};
		FDF455B629A29C20005DEFB7 /* View */ = {
			isa = PBXGroup;
			children = (
				FDF4558C29A29AAA005DEFB7 /* ContentView.swift */,
				FDCA97D129A38F7D00AE7002 /* Login */,
				FD19B47629A3855700974DC1 /* MyPage */,
				FD19B47029A383D300974DC1 /* UIConfig */,
				FDF455BB29A2A08B005DEFB7 /* Component */,
				FD19B47A29A38CCD00974DC1 /* Attendance */,
				FDF455B429A29BFE005DEFB7 /* Check */,
			);
			path = View;
			sourceTree = "<group>";
		};
		FDF455B729A29C2A005DEFB7 /* ViewModel */ = {
			isa = PBXGroup;
			children = (
				FDCA1E9129ACFC6D0038725D /* UserStore.swift */,
			);
			path = ViewModel;
			sourceTree = "<group>";
		};
		FDF455B829A29C35005DEFB7 /* Model */ = {
			isa = PBXGroup;
			children = (
				FDCA1E9929AD0D9F0038725D /* User.swift */,
			);
			path = Model;
			sourceTree = "<group>";
		};
		FDF455BB29A2A08B005DEFB7 /* Component */ = {
			isa = PBXGroup;
			children = (
				FDF455BC29A2A196005DEFB7 /* CustomButton.swift */,
				FD19B46E29A383B800974DC1 /* CustomTextField.swift */,
			);
			path = Component;
			sourceTree = "<group>";
		};
/* End PBXGroup section */

/* Begin PBXNativeTarget section */
		FDF4558629A29AAA005DEFB7 /* CheckPlay */ = {
			isa = PBXNativeTarget;
			buildConfigurationList = FDF455AB29A29AAB005DEFB7 /* Build configuration list for PBXNativeTarget "CheckPlay" */;
			buildPhases = (
				FDF4558329A29AAA005DEFB7 /* Sources */,
				FDF4558429A29AAA005DEFB7 /* Frameworks */,
				FDF4558529A29AAA005DEFB7 /* Resources */,
			);
			buildRules = (
			);
			dependencies = (
			);
			name = CheckPlay;
			packageProductDependencies = (
				FDCA1E7B29ACFBC40038725D /* FirebaseAnalytics */,
				FDCA1E7D29ACFBC40038725D /* FirebaseAnalyticsOnDeviceConversion */,
				FDCA1E7F29ACFBC40038725D /* FirebaseAnalyticsSwift */,
				FDCA1E8129ACFBC40038725D /* FirebaseAnalyticsWithoutAdIdSupport */,
				FDCA1E8329ACFBC40038725D /* FirebaseAuth */,
				FDCA1E8529ACFBC40038725D /* FirebaseAuthCombine-Community */,
				FDCA1E8729ACFBC40038725D /* FirebaseDatabase */,
				FDCA1E8929ACFBC40038725D /* FirebaseDatabaseSwift */,
				FDCA1E8B29ACFBC40038725D /* FirebaseFirestore */,
				FDCA1E8D29ACFBC40038725D /* FirebaseFirestoreCombine-Community */,
				FDCA1E8F29ACFBC40038725D /* FirebaseFirestoreSwift */,
				FDCA1EA129AF312F0038725D /* AlertToast */,
			);
			productName = CheckPlay;
			productReference = FDF4558729A29AAA005DEFB7 /* CheckPlay.app */;
			productType = "com.apple.product-type.application";
		};
		FDF4559629A29AAB005DEFB7 /* CheckPlayTests */ = {
			isa = PBXNativeTarget;
			buildConfigurationList = FDF455AE29A29AAB005DEFB7 /* Build configuration list for PBXNativeTarget "CheckPlayTests" */;
			buildPhases = (
				FDF4559329A29AAB005DEFB7 /* Sources */,
				FDF4559429A29AAB005DEFB7 /* Frameworks */,
				FDF4559529A29AAB005DEFB7 /* Resources */,
			);
			buildRules = (
			);
			dependencies = (
				FDF4559929A29AAB005DEFB7 /* PBXTargetDependency */,
			);
			name = CheckPlayTests;
			productName = CheckPlayTests;
			productReference = FDF4559729A29AAB005DEFB7 /* CheckPlayTests.xctest */;
			productType = "com.apple.product-type.bundle.unit-test";
		};
		FDF455A029A29AAB005DEFB7 /* CheckPlayUITests */ = {
			isa = PBXNativeTarget;
			buildConfigurationList = FDF455B129A29AAB005DEFB7 /* Build configuration list for PBXNativeTarget "CheckPlayUITests" */;
			buildPhases = (
				FDF4559D29A29AAB005DEFB7 /* Sources */,
				FDF4559E29A29AAB005DEFB7 /* Frameworks */,
				FDF4559F29A29AAB005DEFB7 /* Resources */,
			);
			buildRules = (
			);
			dependencies = (
				FDF455A329A29AAB005DEFB7 /* PBXTargetDependency */,
			);
			name = CheckPlayUITests;
			productName = CheckPlayUITests;
			productReference = FDF455A129A29AAB005DEFB7 /* CheckPlayUITests.xctest */;
			productType = "com.apple.product-type.bundle.ui-testing";
		};
/* End PBXNativeTarget section */

/* Begin PBXProject section */
		FDF4557F29A29AAA005DEFB7 /* Project object */ = {
			isa = PBXProject;
			attributes = {
				BuildIndependentTargetsInParallel = 1;
				LastSwiftUpdateCheck = 1420;
				LastUpgradeCheck = 1420;
				TargetAttributes = {
					FDF4558629A29AAA005DEFB7 = {
						CreatedOnToolsVersion = 14.2;
					};
					FDF4559629A29AAB005DEFB7 = {
						CreatedOnToolsVersion = 14.2;
						TestTargetID = FDF4558629A29AAA005DEFB7;
					};
					FDF455A029A29AAB005DEFB7 = {
						CreatedOnToolsVersion = 14.2;
						TestTargetID = FDF4558629A29AAA005DEFB7;
					};
				};
			};
			buildConfigurationList = FDF4558229A29AAA005DEFB7 /* Build configuration list for PBXProject "CheckPlay" */;
			compatibilityVersion = "Xcode 14.0";
			developmentRegion = en;
			hasScannedForEncodings = 0;
			knownRegions = (
				en,
				Base,
			);
			mainGroup = FDF4557E29A29AAA005DEFB7;
			packageReferences = (
				FDCA1E7A29ACFBC40038725D /* XCRemoteSwiftPackageReference "firebase-ios-sdk" */,
				FDCA1EA029AF312F0038725D /* XCRemoteSwiftPackageReference "AlertToast" */,
			);
			productRefGroup = FDF4558829A29AAA005DEFB7 /* Products */;
			projectDirPath = "";
			projectRoot = "";
			targets = (
				FDF4558629A29AAA005DEFB7 /* CheckPlay */,
				FDF4559629A29AAB005DEFB7 /* CheckPlayTests */,
				FDF455A029A29AAB005DEFB7 /* CheckPlayUITests */,
			);
		};
/* End PBXProject section */

/* Begin PBXResourcesBuildPhase section */
		FDF4558529A29AAA005DEFB7 /* Resources */ = {
			isa = PBXResourcesBuildPhase;
			buildActionMask = 2147483647;
			files = (
				FDF4559229A29AAB005DEFB7 /* Preview Assets.xcassets in Resources */,
				FDF4558F29A29AAB005DEFB7 /* Assets.xcassets in Resources */,
				FDCA1E9529AD04480038725D /* GoogleService-Info.plist in Resources */,
			);
			runOnlyForDeploymentPostprocessing = 0;
		};
		FDF4559529A29AAB005DEFB7 /* Resources */ = {
			isa = PBXResourcesBuildPhase;
			buildActionMask = 2147483647;
			files = (
			);
			runOnlyForDeploymentPostprocessing = 0;
		};
		FDF4559F29A29AAB005DEFB7 /* Resources */ = {
			isa = PBXResourcesBuildPhase;
			buildActionMask = 2147483647;
			files = (
			);
			runOnlyForDeploymentPostprocessing = 0;
		};
/* End PBXResourcesBuildPhase section */

/* Begin PBXSourcesBuildPhase section */
		FDF4558329A29AAA005DEFB7 /* Sources */ = {
			isa = PBXSourcesBuildPhase;
			buildActionMask = 2147483647;
			files = (
				FDF455BD29A2A196005DEFB7 /* CustomButton.swift in Sources */,
				FD19B47929A3856C00974DC1 /* MyPageView.swift in Sources */,
				FDF455BA29A29DC5005DEFB7 /* CheckMainView.swift in Sources */,
				FDCA97D329A38F8900AE7002 /* LoginView.swift in Sources */,
				FDF4558D29A29AAA005DEFB7 /* ContentView.swift in Sources */,
				FDCA1EA429AFB5630038725D /* LoginRouteView.swift in Sources */,
				FD19B47229A383EC00974DC1 /* ColorExtension.swift in Sources */,
				FDCA1E9829AD0A4C0038725D /* Ex+UIScreen.swift in Sources */,
				FDCA1E9D29AD15920038725D /* UserConstant.swift in Sources */,
				FDF4558B29A29AAA005DEFB7 /* CheckPlayApp.swift in Sources */,
				FDCA1E9A29AD0D9F0038725D /* User.swift in Sources */,
				FDCA1E9F29AD1AB00038725D /* SignUpView.swift in Sources */,
				FDCA1E9229ACFC6D0038725D /* UserStore.swift in Sources */,
				FD19B46F29A383B800974DC1 /* CustomTextField.swift in Sources */,
				FD19B47529A3853100974DC1 /* CheckMapView.swift in Sources */,
			);
			runOnlyForDeploymentPostprocessing = 0;
		};
		FDF4559329A29AAB005DEFB7 /* Sources */ = {
			isa = PBXSourcesBuildPhase;
			buildActionMask = 2147483647;
			files = (
				FDF4559C29A29AAB005DEFB7 /* CheckPlayTests.swift in Sources */,
			);
			runOnlyForDeploymentPostprocessing = 0;
		};
		FDF4559D29A29AAB005DEFB7 /* Sources */ = {
			isa = PBXSourcesBuildPhase;
			buildActionMask = 2147483647;
			files = (
				FDF455A629A29AAB005DEFB7 /* CheckPlayUITests.swift in Sources */,
				FDF455A829A29AAB005DEFB7 /* CheckPlayUITestsLaunchTests.swift in Sources */,
			);
			runOnlyForDeploymentPostprocessing = 0;
		};
/* End PBXSourcesBuildPhase section */

/* Begin PBXTargetDependency section */
		FDF4559929A29AAB005DEFB7 /* PBXTargetDependency */ = {
			isa = PBXTargetDependency;
			target = FDF4558629A29AAA005DEFB7 /* CheckPlay */;
			targetProxy = FDF4559829A29AAB005DEFB7 /* PBXContainerItemProxy */;
		};
		FDF455A329A29AAB005DEFB7 /* PBXTargetDependency */ = {
			isa = PBXTargetDependency;
			target = FDF4558629A29AAA005DEFB7 /* CheckPlay */;
			targetProxy = FDF455A229A29AAB005DEFB7 /* PBXContainerItemProxy */;
		};
/* End PBXTargetDependency section */

/* Begin XCBuildConfiguration section */
		FDF455A929A29AAB005DEFB7 /* Debug */ = {
			isa = XCBuildConfiguration;
			buildSettings = {
				ALWAYS_SEARCH_USER_PATHS = NO;
				CLANG_ANALYZER_NONNULL = YES;
				CLANG_ANALYZER_NUMBER_OBJECT_CONVERSION = YES_AGGRESSIVE;
				CLANG_CXX_LANGUAGE_STANDARD = "gnu++20";
				CLANG_ENABLE_MODULES = YES;
				CLANG_ENABLE_OBJC_ARC = YES;
				CLANG_ENABLE_OBJC_WEAK = YES;
				CLANG_WARN_BLOCK_CAPTURE_AUTORELEASING = YES;
				CLANG_WARN_BOOL_CONVERSION = YES;
				CLANG_WARN_COMMA = YES;
				CLANG_WARN_CONSTANT_CONVERSION = YES;
				CLANG_WARN_DEPRECATED_OBJC_IMPLEMENTATIONS = YES;
				CLANG_WARN_DIRECT_OBJC_ISA_USAGE = YES_ERROR;
				CLANG_WARN_DOCUMENTATION_COMMENTS = YES;
				CLANG_WARN_EMPTY_BODY = YES;
				CLANG_WARN_ENUM_CONVERSION = YES;
				CLANG_WARN_INFINITE_RECURSION = YES;
				CLANG_WARN_INT_CONVERSION = YES;
				CLANG_WARN_NON_LITERAL_NULL_CONVERSION = YES;
				CLANG_WARN_OBJC_IMPLICIT_RETAIN_SELF = YES;
				CLANG_WARN_OBJC_LITERAL_CONVERSION = YES;
				CLANG_WARN_OBJC_ROOT_CLASS = YES_ERROR;
				CLANG_WARN_QUOTED_INCLUDE_IN_FRAMEWORK_HEADER = YES;
				CLANG_WARN_RANGE_LOOP_ANALYSIS = YES;
				CLANG_WARN_STRICT_PROTOTYPES = YES;
				CLANG_WARN_SUSPICIOUS_MOVE = YES;
				CLANG_WARN_UNGUARDED_AVAILABILITY = YES_AGGRESSIVE;
				CLANG_WARN_UNREACHABLE_CODE = YES;
				CLANG_WARN__DUPLICATE_METHOD_MATCH = YES;
				COPY_PHASE_STRIP = NO;
				DEBUG_INFORMATION_FORMAT = dwarf;
				ENABLE_STRICT_OBJC_MSGSEND = YES;
				ENABLE_TESTABILITY = YES;
				GCC_C_LANGUAGE_STANDARD = gnu11;
				GCC_DYNAMIC_NO_PIC = NO;
				GCC_NO_COMMON_BLOCKS = YES;
				GCC_OPTIMIZATION_LEVEL = 0;
				GCC_PREPROCESSOR_DEFINITIONS = (
					"DEBUG=1",
					"$(inherited)",
				);
				GCC_WARN_64_TO_32_BIT_CONVERSION = YES;
				GCC_WARN_ABOUT_RETURN_TYPE = YES_ERROR;
				GCC_WARN_UNDECLARED_SELECTOR = YES;
				GCC_WARN_UNINITIALIZED_AUTOS = YES_AGGRESSIVE;
				GCC_WARN_UNUSED_FUNCTION = YES;
				GCC_WARN_UNUSED_VARIABLE = YES;
				IPHONEOS_DEPLOYMENT_TARGET = 15.0;
				MTL_ENABLE_DEBUG_INFO = INCLUDE_SOURCE;
				MTL_FAST_MATH = YES;
				ONLY_ACTIVE_ARCH = YES;
				SDKROOT = iphoneos;
				SWIFT_ACTIVE_COMPILATION_CONDITIONS = DEBUG;
				SWIFT_OPTIMIZATION_LEVEL = "-Onone";
			};
			name = Debug;
		};
		FDF455AA29A29AAB005DEFB7 /* Release */ = {
			isa = XCBuildConfiguration;
			buildSettings = {
				ALWAYS_SEARCH_USER_PATHS = NO;
				CLANG_ANALYZER_NONNULL = YES;
				CLANG_ANALYZER_NUMBER_OBJECT_CONVERSION = YES_AGGRESSIVE;
				CLANG_CXX_LANGUAGE_STANDARD = "gnu++20";
				CLANG_ENABLE_MODULES = YES;
				CLANG_ENABLE_OBJC_ARC = YES;
				CLANG_ENABLE_OBJC_WEAK = YES;
				CLANG_WARN_BLOCK_CAPTURE_AUTORELEASING = YES;
				CLANG_WARN_BOOL_CONVERSION = YES;
				CLANG_WARN_COMMA = YES;
				CLANG_WARN_CONSTANT_CONVERSION = YES;
				CLANG_WARN_DEPRECATED_OBJC_IMPLEMENTATIONS = YES;
				CLANG_WARN_DIRECT_OBJC_ISA_USAGE = YES_ERROR;
				CLANG_WARN_DOCUMENTATION_COMMENTS = YES;
				CLANG_WARN_EMPTY_BODY = YES;
				CLANG_WARN_ENUM_CONVERSION = YES;
				CLANG_WARN_INFINITE_RECURSION = YES;
				CLANG_WARN_INT_CONVERSION = YES;
				CLANG_WARN_NON_LITERAL_NULL_CONVERSION = YES;
				CLANG_WARN_OBJC_IMPLICIT_RETAIN_SELF = YES;
				CLANG_WARN_OBJC_LITERAL_CONVERSION = YES;
				CLANG_WARN_OBJC_ROOT_CLASS = YES_ERROR;
				CLANG_WARN_QUOTED_INCLUDE_IN_FRAMEWORK_HEADER = YES;
				CLANG_WARN_RANGE_LOOP_ANALYSIS = YES;
				CLANG_WARN_STRICT_PROTOTYPES = YES;
				CLANG_WARN_SUSPICIOUS_MOVE = YES;
				CLANG_WARN_UNGUARDED_AVAILABILITY = YES_AGGRESSIVE;
				CLANG_WARN_UNREACHABLE_CODE = YES;
				CLANG_WARN__DUPLICATE_METHOD_MATCH = YES;
				COPY_PHASE_STRIP = NO;
				DEBUG_INFORMATION_FORMAT = "dwarf-with-dsym";
				ENABLE_NS_ASSERTIONS = NO;
				ENABLE_STRICT_OBJC_MSGSEND = YES;
				GCC_C_LANGUAGE_STANDARD = gnu11;
				GCC_NO_COMMON_BLOCKS = YES;
				GCC_WARN_64_TO_32_BIT_CONVERSION = YES;
				GCC_WARN_ABOUT_RETURN_TYPE = YES_ERROR;
				GCC_WARN_UNDECLARED_SELECTOR = YES;
				GCC_WARN_UNINITIALIZED_AUTOS = YES_AGGRESSIVE;
				GCC_WARN_UNUSED_FUNCTION = YES;
				GCC_WARN_UNUSED_VARIABLE = YES;
				IPHONEOS_DEPLOYMENT_TARGET = 15.0;
				MTL_ENABLE_DEBUG_INFO = NO;
				MTL_FAST_MATH = YES;
				SDKROOT = iphoneos;
				SWIFT_COMPILATION_MODE = wholemodule;
				SWIFT_OPTIMIZATION_LEVEL = "-O";
				VALIDATE_PRODUCT = YES;
			};
			name = Release;
		};
		FDF455AC29A29AAB005DEFB7 /* Debug */ = {
			isa = XCBuildConfiguration;
			buildSettings = {
				ASSETCATALOG_COMPILER_APPICON_NAME = AppIcon;
				ASSETCATALOG_COMPILER_GLOBAL_ACCENT_COLOR_NAME = AccentColor;
				CODE_SIGN_STYLE = Automatic;
				CURRENT_PROJECT_VERSION = 1;
				DEVELOPMENT_ASSET_PATHS = "\"CheckPlay/Preview Content\"";
				DEVELOPMENT_TEAM = 4N97P5J52N;
				ENABLE_PREVIEWS = YES;
				GENERATE_INFOPLIST_FILE = YES;
				INFOPLIST_FILE = CheckPlay/Info.plist;
				INFOPLIST_KEY_UIApplicationSceneManifest_Generation = YES;
				INFOPLIST_KEY_UIApplicationSupportsIndirectInputEvents = YES;
				INFOPLIST_KEY_UILaunchScreen_Generation = YES;
				INFOPLIST_KEY_UISupportedInterfaceOrientations_iPad = "UIInterfaceOrientationPortrait UIInterfaceOrientationPortraitUpsideDown UIInterfaceOrientationLandscapeLeft UIInterfaceOrientationLandscapeRight";
				INFOPLIST_KEY_UISupportedInterfaceOrientations_iPhone = "UIInterfaceOrientationPortrait UIInterfaceOrientationLandscapeLeft UIInterfaceOrientationLandscapeRight";
				IPHONEOS_DEPLOYMENT_TARGET = 15.0;
				LD_RUNPATH_SEARCH_PATHS = (
					"$(inherited)",
					"@executable_path/Frameworks",
				);
				MARKETING_VERSION = 1.0;
				PRODUCT_BUNDLE_IDENTIFIER = com.sole.EwhaPlaygirls;
				PRODUCT_NAME = "$(TARGET_NAME)";
				SWIFT_EMIT_LOC_STRINGS = YES;
				SWIFT_VERSION = 5.0;
				TARGETED_DEVICE_FAMILY = "1,2";
			};
			name = Debug;
		};
		FDF455AD29A29AAB005DEFB7 /* Release */ = {
			isa = XCBuildConfiguration;
			buildSettings = {
				ASSETCATALOG_COMPILER_APPICON_NAME = AppIcon;
				ASSETCATALOG_COMPILER_GLOBAL_ACCENT_COLOR_NAME = AccentColor;
				CODE_SIGN_STYLE = Automatic;
				CURRENT_PROJECT_VERSION = 1;
				DEVELOPMENT_ASSET_PATHS = "\"CheckPlay/Preview Content\"";
				DEVELOPMENT_TEAM = 4N97P5J52N;
				ENABLE_PREVIEWS = YES;
				GENERATE_INFOPLIST_FILE = YES;
				INFOPLIST_FILE = CheckPlay/Info.plist;
				INFOPLIST_KEY_UIApplicationSceneManifest_Generation = YES;
				INFOPLIST_KEY_UIApplicationSupportsIndirectInputEvents = YES;
				INFOPLIST_KEY_UILaunchScreen_Generation = YES;
				INFOPLIST_KEY_UISupportedInterfaceOrientations_iPad = "UIInterfaceOrientationPortrait UIInterfaceOrientationPortraitUpsideDown UIInterfaceOrientationLandscapeLeft UIInterfaceOrientationLandscapeRight";
				INFOPLIST_KEY_UISupportedInterfaceOrientations_iPhone = "UIInterfaceOrientationPortrait UIInterfaceOrientationLandscapeLeft UIInterfaceOrientationLandscapeRight";
				IPHONEOS_DEPLOYMENT_TARGET = 15.0;
				LD_RUNPATH_SEARCH_PATHS = (
					"$(inherited)",
					"@executable_path/Frameworks",
				);
				MARKETING_VERSION = 1.0;
				PRODUCT_BUNDLE_IDENTIFIER = com.sole.EwhaPlaygirls;
				PRODUCT_NAME = "$(TARGET_NAME)";
				SWIFT_EMIT_LOC_STRINGS = YES;
				SWIFT_VERSION = 5.0;
				TARGETED_DEVICE_FAMILY = "1,2";
			};
			name = Release;
		};
		FDF455AF29A29AAB005DEFB7 /* Debug */ = {
			isa = XCBuildConfiguration;
			buildSettings = {
				ALWAYS_EMBED_SWIFT_STANDARD_LIBRARIES = YES;
				BUNDLE_LOADER = "$(TEST_HOST)";
				CODE_SIGN_STYLE = Automatic;
				CURRENT_PROJECT_VERSION = 1;
				DEVELOPMENT_TEAM = BW4MN2W69K;
				GENERATE_INFOPLIST_FILE = YES;
				IPHONEOS_DEPLOYMENT_TARGET = 16.2;
				MARKETING_VERSION = 1.0;
				PRODUCT_BUNDLE_IDENTIFIER = com.CheckPlayTests;
				PRODUCT_NAME = "$(TARGET_NAME)";
				SWIFT_EMIT_LOC_STRINGS = NO;
				SWIFT_VERSION = 5.0;
				TARGETED_DEVICE_FAMILY = "1,2";
				TEST_HOST = "$(BUILT_PRODUCTS_DIR)/CheckPlay.app/$(BUNDLE_EXECUTABLE_FOLDER_PATH)/CheckPlay";
			};
			name = Debug;
		};
		FDF455B029A29AAB005DEFB7 /* Release */ = {
			isa = XCBuildConfiguration;
			buildSettings = {
				ALWAYS_EMBED_SWIFT_STANDARD_LIBRARIES = YES;
				BUNDLE_LOADER = "$(TEST_HOST)";
				CODE_SIGN_STYLE = Automatic;
				CURRENT_PROJECT_VERSION = 1;
				DEVELOPMENT_TEAM = BW4MN2W69K;
				GENERATE_INFOPLIST_FILE = YES;
				IPHONEOS_DEPLOYMENT_TARGET = 16.2;
				MARKETING_VERSION = 1.0;
				PRODUCT_BUNDLE_IDENTIFIER = com.CheckPlayTests;
				PRODUCT_NAME = "$(TARGET_NAME)";
				SWIFT_EMIT_LOC_STRINGS = NO;
				SWIFT_VERSION = 5.0;
				TARGETED_DEVICE_FAMILY = "1,2";
				TEST_HOST = "$(BUILT_PRODUCTS_DIR)/CheckPlay.app/$(BUNDLE_EXECUTABLE_FOLDER_PATH)/CheckPlay";
			};
			name = Release;
		};
		FDF455B229A29AAB005DEFB7 /* Debug */ = {
			isa = XCBuildConfiguration;
			buildSettings = {
				ALWAYS_EMBED_SWIFT_STANDARD_LIBRARIES = YES;
				CODE_SIGN_STYLE = Automatic;
				CURRENT_PROJECT_VERSION = 1;
				DEVELOPMENT_TEAM = BW4MN2W69K;
				GENERATE_INFOPLIST_FILE = YES;
				MARKETING_VERSION = 1.0;
				PRODUCT_BUNDLE_IDENTIFIER = com.CheckPlayUITests;
				PRODUCT_NAME = "$(TARGET_NAME)";
				SWIFT_EMIT_LOC_STRINGS = NO;
				SWIFT_VERSION = 5.0;
				TARGETED_DEVICE_FAMILY = "1,2";
				TEST_TARGET_NAME = CheckPlay;
			};
			name = Debug;
		};
		FDF455B329A29AAB005DEFB7 /* Release */ = {
			isa = XCBuildConfiguration;
			buildSettings = {
				ALWAYS_EMBED_SWIFT_STANDARD_LIBRARIES = YES;
				CODE_SIGN_STYLE = Automatic;
				CURRENT_PROJECT_VERSION = 1;
				DEVELOPMENT_TEAM = BW4MN2W69K;
				GENERATE_INFOPLIST_FILE = YES;
				MARKETING_VERSION = 1.0;
				PRODUCT_BUNDLE_IDENTIFIER = com.CheckPlayUITests;
				PRODUCT_NAME = "$(TARGET_NAME)";
				SWIFT_EMIT_LOC_STRINGS = NO;
				SWIFT_VERSION = 5.0;
				TARGETED_DEVICE_FAMILY = "1,2";
				TEST_TARGET_NAME = CheckPlay;
			};
			name = Release;
		};
/* End XCBuildConfiguration section */

/* Begin XCConfigurationList section */
		FDF4558229A29AAA005DEFB7 /* Build configuration list for PBXProject "CheckPlay" */ = {
			isa = XCConfigurationList;
			buildConfigurations = (
				FDF455A929A29AAB005DEFB7 /* Debug */,
				FDF455AA29A29AAB005DEFB7 /* Release */,
			);
			defaultConfigurationIsVisible = 0;
			defaultConfigurationName = Release;
		};
		FDF455AB29A29AAB005DEFB7 /* Build configuration list for PBXNativeTarget "CheckPlay" */ = {
			isa = XCConfigurationList;
			buildConfigurations = (
				FDF455AC29A29AAB005DEFB7 /* Debug */,
				FDF455AD29A29AAB005DEFB7 /* Release */,
			);
			defaultConfigurationIsVisible = 0;
			defaultConfigurationName = Release;
		};
		FDF455AE29A29AAB005DEFB7 /* Build configuration list for PBXNativeTarget "CheckPlayTests" */ = {
			isa = XCConfigurationList;
			buildConfigurations = (
				FDF455AF29A29AAB005DEFB7 /* Debug */,
				FDF455B029A29AAB005DEFB7 /* Release */,
			);
			defaultConfigurationIsVisible = 0;
			defaultConfigurationName = Release;
		};
		FDF455B129A29AAB005DEFB7 /* Build configuration list for PBXNativeTarget "CheckPlayUITests" */ = {
			isa = XCConfigurationList;
			buildConfigurations = (
				FDF455B229A29AAB005DEFB7 /* Debug */,
				FDF455B329A29AAB005DEFB7 /* Release */,
			);
			defaultConfigurationIsVisible = 0;
			defaultConfigurationName = Release;
		};
/* End XCConfigurationList section */

/* Begin XCRemoteSwiftPackageReference section */
		FDCA1E7A29ACFBC40038725D /* XCRemoteSwiftPackageReference "firebase-ios-sdk" */ = {
			isa = XCRemoteSwiftPackageReference;
			repositoryURL = "https://github.com/firebase/firebase-ios-sdk";
			requirement = {
				kind = upToNextMajorVersion;
				minimumVersion = 9.0.0;
			};
		};
		FDCA1EA029AF312F0038725D /* XCRemoteSwiftPackageReference "AlertToast" */ = {
			isa = XCRemoteSwiftPackageReference;
			repositoryURL = "https://github.com/elai950/AlertToast.git";
			requirement = {
				branch = master;
				kind = branch;
			};
		};
/* End XCRemoteSwiftPackageReference section */

/* Begin XCSwiftPackageProductDependency section */
		FDCA1E7B29ACFBC40038725D /* FirebaseAnalytics */ = {
			isa = XCSwiftPackageProductDependency;
			package = FDCA1E7A29ACFBC40038725D /* XCRemoteSwiftPackageReference "firebase-ios-sdk" */;
			productName = FirebaseAnalytics;
		};
		FDCA1E7D29ACFBC40038725D /* FirebaseAnalyticsOnDeviceConversion */ = {
			isa = XCSwiftPackageProductDependency;
			package = FDCA1E7A29ACFBC40038725D /* XCRemoteSwiftPackageReference "firebase-ios-sdk" */;
			productName = FirebaseAnalyticsOnDeviceConversion;
		};
		FDCA1E7F29ACFBC40038725D /* FirebaseAnalyticsSwift */ = {
			isa = XCSwiftPackageProductDependency;
			package = FDCA1E7A29ACFBC40038725D /* XCRemoteSwiftPackageReference "firebase-ios-sdk" */;
			productName = FirebaseAnalyticsSwift;
		};
		FDCA1E8129ACFBC40038725D /* FirebaseAnalyticsWithoutAdIdSupport */ = {
			isa = XCSwiftPackageProductDependency;
			package = FDCA1E7A29ACFBC40038725D /* XCRemoteSwiftPackageReference "firebase-ios-sdk" */;
			productName = FirebaseAnalyticsWithoutAdIdSupport;
		};
		FDCA1E8329ACFBC40038725D /* FirebaseAuth */ = {
			isa = XCSwiftPackageProductDependency;
			package = FDCA1E7A29ACFBC40038725D /* XCRemoteSwiftPackageReference "firebase-ios-sdk" */;
			productName = FirebaseAuth;
		};
		FDCA1E8529ACFBC40038725D /* FirebaseAuthCombine-Community */ = {
			isa = XCSwiftPackageProductDependency;
			package = FDCA1E7A29ACFBC40038725D /* XCRemoteSwiftPackageReference "firebase-ios-sdk" */;
			productName = "FirebaseAuthCombine-Community";
		};
		FDCA1E8729ACFBC40038725D /* FirebaseDatabase */ = {
			isa = XCSwiftPackageProductDependency;
			package = FDCA1E7A29ACFBC40038725D /* XCRemoteSwiftPackageReference "firebase-ios-sdk" */;
			productName = FirebaseDatabase;
		};
		FDCA1E8929ACFBC40038725D /* FirebaseDatabaseSwift */ = {
			isa = XCSwiftPackageProductDependency;
			package = FDCA1E7A29ACFBC40038725D /* XCRemoteSwiftPackageReference "firebase-ios-sdk" */;
			productName = FirebaseDatabaseSwift;
		};
		FDCA1E8B29ACFBC40038725D /* FirebaseFirestore */ = {
			isa = XCSwiftPackageProductDependency;
			package = FDCA1E7A29ACFBC40038725D /* XCRemoteSwiftPackageReference "firebase-ios-sdk" */;
			productName = FirebaseFirestore;
		};
		FDCA1E8D29ACFBC40038725D /* FirebaseFirestoreCombine-Community */ = {
			isa = XCSwiftPackageProductDependency;
			package = FDCA1E7A29ACFBC40038725D /* XCRemoteSwiftPackageReference "firebase-ios-sdk" */;
			productName = "FirebaseFirestoreCombine-Community";
		};
		FDCA1E8F29ACFBC40038725D /* FirebaseFirestoreSwift */ = {
			isa = XCSwiftPackageProductDependency;
			package = FDCA1E7A29ACFBC40038725D /* XCRemoteSwiftPackageReference "firebase-ios-sdk" */;
			productName = FirebaseFirestoreSwift;
		};
		FDCA1EA129AF312F0038725D /* AlertToast */ = {
			isa = XCSwiftPackageProductDependency;
			package = FDCA1EA029AF312F0038725D /* XCRemoteSwiftPackageReference "AlertToast" */;
			productName = AlertToast;
		};
/* End XCSwiftPackageProductDependency section */
	};
	rootObject = FDF4557F29A29AAA005DEFB7 /* Project object */;
}
